
Microsoft Visual Studio Solution File, Format Version 12.00
# Visual Studio 14
VisualStudioVersion = 14.0.25420.1
MinimumVisualStudioVersion = 10.0.40219.1
Project("{FAE04EC0-301F-11D3-BF4B-00C04F79EFBC}") = "feriarize.jp", "feriarize.jp.csproj", "{22A1C0C3-FF41-4F04-92EB-5CDCF6426634}"
EndProject
Project("{FAE04EC0-301F-11D3-BF4B-00C04F79EFBC}") = "jp.ninesense.ts.Common", "..\jp.ninesense.typescript\jp.ninesense.ts.Common\jp.ninesense.ts.Common.csproj", "{A06830BA-B25D-4655-AC91-771E4C2A8434}"
EndProject
Global
	GlobalSection(SolutionConfigurationPlatforms) = preSolution
		Debug|Any CPU = Debug|Any CPU
		Release|Any CPU = Release|Any CPU
	EndGlobalSection
	GlobalSection(ProjectConfigurationPlatforms) = postSolution
		{22A1C0C3-FF41-4F04-92EB-5CDCF6426634}.Debug|Any CPU.ActiveCfg = Debug|Any CPU
		{22A1C0C3-FF41-4F04-92EB-5CDCF6426634}.Debug|Any CPU.Build.0 = Debug|Any CPU
		{22A1C0C3-FF41-4F04-92EB-5CDCF6426634}.Release|Any CPU.ActiveCfg = Release|Any CPU
		{22A1C0C3-FF41-4F04-92EB-5CDCF6426634}.Release|Any CPU.Build.0 = Release|Any CPU
		{A06830BA-B25D-4655-AC91-771E4C2A8434}.Debug|Any CPU.ActiveCfg = Debug|Any CPU
		{A06830BA-B25D-4655-AC91-771E4C2A8434}.Debug|Any CPU.Build.0 = Debug|Any CPU
		{A06830BA-B25D-4655-AC91-771E4C2A8434}.Release|Any CPU.ActiveCfg = Release|Any CPU
		{A06830BA-B25D-4655-AC91-771E4C2A8434}.Release|Any CPU.Build.0 = Release|Any CPU
	EndGlobalSection
	GlobalSection(SolutionProperties) = preSolution
		HideSolutionNode = FALSE
	EndGlobalSection
EndGlobal
